
Microsoft Visual Studio Solution File, Format Version 12.00
# Visual Studio 15
VisualStudioVersion = 15.0.28010.2036
MinimumVisualStudioVersion = 10.0.40219.1
Project("{FAE04EC0-301F-11D3-BF4B-00C04F79EFBC}") = "Conversion", "Conversion\Conversion.csproj", "{0C75DC56-4E3A-4650-A583-4FD1CBD6B69E}"
EndProject
Global
	GlobalSection(SolutionConfigurationPlatforms) = preSolution
		Debug|Any CPU = Debug|Any CPU
		Release|Any CPU = Release|Any CPU
	EndGlobalSection
	GlobalSection(ProjectConfigurationPlatforms) = postSolution
		{0C75DC56-4E3A-4650-A583-4FD1CBD6B69E}.Debug|Any CPU.ActiveCfg = Debug|Any CPU
		{0C75DC56-4E3A-4650-A583-4FD1CBD6B69E}.Debug|Any CPU.Build.0 = Debug|Any CPU
		{0C75DC56-4E3A-4650-A583-4FD1CBD6B69E}.Release|Any CPU.ActiveCfg = Release|Any CPU
		{0C75DC56-4E3A-4650-A583-4FD1CBD6B69E}.Release|Any CPU.Build.0 = Release|Any CPU
	EndGlobalSection
	GlobalSection(SolutionProperties) = preSolution
		HideSolutionNode = FALSE
	EndGlobalSection
	GlobalSection(ExtensibilityGlobals) = postSolution
		SolutionGuid = {05305918-78BA-4377-9562-0492D750A006}
	EndGlobalSection
EndGlobal
